
Microsoft Visual Studio Solution File, Format Version 12.00
# Visual Studio Version 16
VisualStudioVersion = 16.0.28803.156
MinimumVisualStudioVersion = 15.0.26124.0
Project("{9A19103F-16F7-4668-BE54-9A1E7A4F7556}") = "Miunie.ConsoleApp", "Miunie.ConsoleApp\Miunie.ConsoleApp.csproj", "{2D2C1EE8-2476-4F03-B102-95FFD9010DCC}"
EndProject
Project("{9A19103F-16F7-4668-BE54-9A1E7A4F7556}") = "Miunie.Core", "Miunie.Core\Miunie.Core.csproj", "{0E0150E2-6A28-4936-81B2-EB5A7349EFFF}"
EndProject
Project("{9A19103F-16F7-4668-BE54-9A1E7A4F7556}") = "Miunie.Discord", "Miunie.Discord\Miunie.Discord.csproj", "{E3CCF781-6D11-4815-8E4C-B74C750E1DEB}"
EndProject
Project("{9A19103F-16F7-4668-BE54-9A1E7A4F7556}") = "Miunie.Core.XUnit.Tests", "Miunie.Core.XUnit.Tests\Miunie.Core.XUnit.Tests.csproj", "{4B08DB7B-C0DE-4C04-9EB6-2ED404936CFE}"
EndProject
Project("{9A19103F-16F7-4668-BE54-9A1E7A4F7556}") = "Miunie.Logger", "Miunie.Logger\Miunie.Logger.csproj", "{0F4F2247-6D6C-400A-A95C-FDA46D5595D2}"
EndProject
Project("{9A19103F-16F7-4668-BE54-9A1E7A4F7556}") = "Miunie.InversionOfControl", "Miunie.InversionOfControl\Miunie.InversionOfControl.csproj", "{9431EA7A-3676-4229-B8EB-650005C9734A}"
EndProject
Project("{9A19103F-16F7-4668-BE54-9A1E7A4F7556}") = "Miunie.SystemInfrastructure", "Miunie.SystemInfrastructure\Miunie.SystemInfrastructure.csproj", "{74CB95A4-146F-4582-91C1-6BC9E1FD42E1}"
EndProject
Project("{FAE04EC0-301F-11D3-BF4B-00C04F79EFBC}") = "Miunie.LiteDbStorage", "Miunie.LiteDbStorage\Miunie.LiteDbStorage.csproj", "{051A93BE-69B2-4443-8E2B-CA3846BF8B33}"
EndProject
Global
	GlobalSection(SolutionConfigurationPlatforms) = preSolution
		Debug|Any CPU = Debug|Any CPU
		Debug|x64 = Debug|x64
		Debug|x86 = Debug|x86
		Release|Any CPU = Release|Any CPU
		Release|x64 = Release|x64
		Release|x86 = Release|x86
	EndGlobalSection
	GlobalSection(ProjectConfigurationPlatforms) = postSolution
		{2D2C1EE8-2476-4F03-B102-95FFD9010DCC}.Debug|Any CPU.ActiveCfg = Debug|Any CPU
		{2D2C1EE8-2476-4F03-B102-95FFD9010DCC}.Debug|Any CPU.Build.0 = Debug|Any CPU
		{2D2C1EE8-2476-4F03-B102-95FFD9010DCC}.Debug|x64.ActiveCfg = Debug|Any CPU
		{2D2C1EE8-2476-4F03-B102-95FFD9010DCC}.Debug|x64.Build.0 = Debug|Any CPU
		{2D2C1EE8-2476-4F03-B102-95FFD9010DCC}.Debug|x86.ActiveCfg = Debug|Any CPU
		{2D2C1EE8-2476-4F03-B102-95FFD9010DCC}.Debug|x86.Build.0 = Debug|Any CPU
		{2D2C1EE8-2476-4F03-B102-95FFD9010DCC}.Release|Any CPU.ActiveCfg = Release|Any CPU
		{2D2C1EE8-2476-4F03-B102-95FFD9010DCC}.Release|Any CPU.Build.0 = Release|Any CPU
		{2D2C1EE8-2476-4F03-B102-95FFD9010DCC}.Release|x64.ActiveCfg = Release|Any CPU
		{2D2C1EE8-2476-4F03-B102-95FFD9010DCC}.Release|x64.Build.0 = Release|Any CPU
		{2D2C1EE8-2476-4F03-B102-95FFD9010DCC}.Release|x86.ActiveCfg = Release|Any CPU
		{2D2C1EE8-2476-4F03-B102-95FFD9010DCC}.Release|x86.Build.0 = Release|Any CPU
		{0E0150E2-6A28-4936-81B2-EB5A7349EFFF}.Debug|Any CPU.ActiveCfg = Debug|Any CPU
		{0E0150E2-6A28-4936-81B2-EB5A7349EFFF}.Debug|Any CPU.Build.0 = Debug|Any CPU
		{0E0150E2-6A28-4936-81B2-EB5A7349EFFF}.Debug|x64.ActiveCfg = Debug|Any CPU
		{0E0150E2-6A28-4936-81B2-EB5A7349EFFF}.Debug|x64.Build.0 = Debug|Any CPU
		{0E0150E2-6A28-4936-81B2-EB5A7349EFFF}.Debug|x86.ActiveCfg = Debug|Any CPU
		{0E0150E2-6A28-4936-81B2-EB5A7349EFFF}.Debug|x86.Build.0 = Debug|Any CPU
		{0E0150E2-6A28-4936-81B2-EB5A7349EFFF}.Release|Any CPU.ActiveCfg = Release|Any CPU
		{0E0150E2-6A28-4936-81B2-EB5A7349EFFF}.Release|Any CPU.Build.0 = Release|Any CPU
		{0E0150E2-6A28-4936-81B2-EB5A7349EFFF}.Release|x64.ActiveCfg = Release|Any CPU
		{0E0150E2-6A28-4936-81B2-EB5A7349EFFF}.Release|x64.Build.0 = Release|Any CPU
		{0E0150E2-6A28-4936-81B2-EB5A7349EFFF}.Release|x86.ActiveCfg = Release|Any CPU
		{0E0150E2-6A28-4936-81B2-EB5A7349EFFF}.Release|x86.Build.0 = Release|Any CPU
		{E3CCF781-6D11-4815-8E4C-B74C750E1DEB}.Debug|Any CPU.ActiveCfg = Debug|Any CPU
		{E3CCF781-6D11-4815-8E4C-B74C750E1DEB}.Debug|Any CPU.Build.0 = Debug|Any CPU
		{E3CCF781-6D11-4815-8E4C-B74C750E1DEB}.Debug|x64.ActiveCfg = Debug|Any CPU
		{E3CCF781-6D11-4815-8E4C-B74C750E1DEB}.Debug|x64.Build.0 = Debug|Any CPU
		{E3CCF781-6D11-4815-8E4C-B74C750E1DEB}.Debug|x86.ActiveCfg = Debug|Any CPU
		{E3CCF781-6D11-4815-8E4C-B74C750E1DEB}.Debug|x86.Build.0 = Debug|Any CPU
		{E3CCF781-6D11-4815-8E4C-B74C750E1DEB}.Release|Any CPU.ActiveCfg = Release|Any CPU
		{E3CCF781-6D11-4815-8E4C-B74C750E1DEB}.Release|Any CPU.Build.0 = Release|Any CPU
		{E3CCF781-6D11-4815-8E4C-B74C750E1DEB}.Release|x64.ActiveCfg = Release|Any CPU
		{E3CCF781-6D11-4815-8E4C-B74C750E1DEB}.Release|x64.Build.0 = Release|Any CPU
		{E3CCF781-6D11-4815-8E4C-B74C750E1DEB}.Release|x86.ActiveCfg = Release|Any CPU
		{E3CCF781-6D11-4815-8E4C-B74C750E1DEB}.Release|x86.Build.0 = Release|Any CPU
		{4B08DB7B-C0DE-4C04-9EB6-2ED404936CFE}.Debug|Any CPU.ActiveCfg = Debug|Any CPU
		{4B08DB7B-C0DE-4C04-9EB6-2ED404936CFE}.Debug|Any CPU.Build.0 = Debug|Any CPU
		{4B08DB7B-C0DE-4C04-9EB6-2ED404936CFE}.Debug|x64.ActiveCfg = Debug|Any CPU
		{4B08DB7B-C0DE-4C04-9EB6-2ED404936CFE}.Debug|x64.Build.0 = Debug|Any CPU
		{4B08DB7B-C0DE-4C04-9EB6-2ED404936CFE}.Debug|x86.ActiveCfg = Debug|Any CPU
		{4B08DB7B-C0DE-4C04-9EB6-2ED404936CFE}.Debug|x86.Build.0 = Debug|Any CPU
		{4B08DB7B-C0DE-4C04-9EB6-2ED404936CFE}.Release|Any CPU.ActiveCfg = Release|Any CPU
		{4B08DB7B-C0DE-4C04-9EB6-2ED404936CFE}.Release|Any CPU.Build.0 = Release|Any CPU
		{4B08DB7B-C0DE-4C04-9EB6-2ED404936CFE}.Release|x64.ActiveCfg = Release|Any CPU
		{4B08DB7B-C0DE-4C04-9EB6-2ED404936CFE}.Release|x64.Build.0 = Release|Any CPU
		{4B08DB7B-C0DE-4C04-9EB6-2ED404936CFE}.Release|x86.ActiveCfg = Release|Any CPU
		{4B08DB7B-C0DE-4C04-9EB6-2ED404936CFE}.Release|x86.Build.0 = Release|Any CPU
		{0F4F2247-6D6C-400A-A95C-FDA46D5595D2}.Debug|Any CPU.ActiveCfg = Debug|Any CPU
		{0F4F2247-6D6C-400A-A95C-FDA46D5595D2}.Debug|Any CPU.Build.0 = Debug|Any CPU
		{0F4F2247-6D6C-400A-A95C-FDA46D5595D2}.Debug|x64.ActiveCfg = Debug|Any CPU
		{0F4F2247-6D6C-400A-A95C-FDA46D5595D2}.Debug|x64.Build.0 = Debug|Any CPU
		{0F4F2247-6D6C-400A-A95C-FDA46D5595D2}.Debug|x86.ActiveCfg = Debug|Any CPU
		{0F4F2247-6D6C-400A-A95C-FDA46D5595D2}.Debug|x86.Build.0 = Debug|Any CPU
		{0F4F2247-6D6C-400A-A95C-FDA46D5595D2}.Release|Any CPU.ActiveCfg = Release|Any CPU
		{0F4F2247-6D6C-400A-A95C-FDA46D5595D2}.Release|Any CPU.Build.0 = Release|Any CPU
		{0F4F2247-6D6C-400A-A95C-FDA46D5595D2}.Release|x64.ActiveCfg = Release|Any CPU
		{0F4F2247-6D6C-400A-A95C-FDA46D5595D2}.Release|x64.Build.0 = Release|Any CPU
		{0F4F2247-6D6C-400A-A95C-FDA46D5595D2}.Release|x86.ActiveCfg = Release|Any CPU
		{0F4F2247-6D6C-400A-A95C-FDA46D5595D2}.Release|x86.Build.0 = Release|Any CPU
		{9431EA7A-3676-4229-B8EB-650005C9734A}.Debug|Any CPU.ActiveCfg = Debug|Any CPU
		{9431EA7A-3676-4229-B8EB-650005C9734A}.Debug|Any CPU.Build.0 = Debug|Any CPU
		{9431EA7A-3676-4229-B8EB-650005C9734A}.Debug|x64.ActiveCfg = Debug|Any CPU
		{9431EA7A-3676-4229-B8EB-650005C9734A}.Debug|x64.Build.0 = Debug|Any CPU
		{9431EA7A-3676-4229-B8EB-650005C9734A}.Debug|x86.ActiveCfg = Debug|Any CPU
		{9431EA7A-3676-4229-B8EB-650005C9734A}.Debug|x86.Build.0 = Debug|Any CPU
		{9431EA7A-3676-4229-B8EB-650005C9734A}.Release|Any CPU.ActiveCfg = Release|Any CPU
		{9431EA7A-3676-4229-B8EB-650005C9734A}.Release|Any CPU.Build.0 = Release|Any CPU
		{9431EA7A-3676-4229-B8EB-650005C9734A}.Release|x64.ActiveCfg = Release|Any CPU
		{9431EA7A-3676-4229-B8EB-650005C9734A}.Release|x64.Build.0 = Release|Any CPU
		{9431EA7A-3676-4229-B8EB-650005C9734A}.Release|x86.ActiveCfg = Release|Any CPU
		{9431EA7A-3676-4229-B8EB-650005C9734A}.Release|x86.Build.0 = Release|Any CPU
		{74CB95A4-146F-4582-91C1-6BC9E1FD42E1}.Debug|Any CPU.ActiveCfg = Debug|Any CPU
		{74CB95A4-146F-4582-91C1-6BC9E1FD42E1}.Debug|Any CPU.Build.0 = Debug|Any CPU
		{74CB95A4-146F-4582-91C1-6BC9E1FD42E1}.Debug|x64.ActiveCfg = Debug|Any CPU
		{74CB95A4-146F-4582-91C1-6BC9E1FD42E1}.Debug|x64.Build.0 = Debug|Any CPU
		{74CB95A4-146F-4582-91C1-6BC9E1FD42E1}.Debug|x86.ActiveCfg = Debug|Any CPU
		{74CB95A4-146F-4582-91C1-6BC9E1FD42E1}.Debug|x86.Build.0 = Debug|Any CPU
		{74CB95A4-146F-4582-91C1-6BC9E1FD42E1}.Release|Any CPU.ActiveCfg = Release|Any CPU
		{74CB95A4-146F-4582-91C1-6BC9E1FD42E1}.Release|Any CPU.Build.0 = Release|Any CPU
		{74CB95A4-146F-4582-91C1-6BC9E1FD42E1}.Release|x64.ActiveCfg = Release|Any CPU
		{74CB95A4-146F-4582-91C1-6BC9E1FD42E1}.Release|x64.Build.0 = Release|Any CPU
		{74CB95A4-146F-4582-91C1-6BC9E1FD42E1}.Release|x86.ActiveCfg = Release|Any CPU
		{74CB95A4-146F-4582-91C1-6BC9E1FD42E1}.Release|x86.Build.0 = Release|Any CPU
		{051A93BE-69B2-4443-8E2B-CA3846BF8B33}.Debug|Any CPU.ActiveCfg = Debug|Any CPU
		{051A93BE-69B2-4443-8E2B-CA3846BF8B33}.Debug|Any CPU.Build.0 = Debug|Any CPU
		{051A93BE-69B2-4443-8E2B-CA3846BF8B33}.Debug|x64.ActiveCfg = Debug|Any CPU
		{051A93BE-69B2-4443-8E2B-CA3846BF8B33}.Debug|x64.Build.0 = Debug|Any CPU
		{051A93BE-69B2-4443-8E2B-CA3846BF8B33}.Debug|x86.ActiveCfg = Debug|Any CPU
		{051A93BE-69B2-4443-8E2B-CA3846BF8B33}.Debug|x86.Build.0 = Debug|Any CPU
		{051A93BE-69B2-4443-8E2B-CA3846BF8B33}.Release|Any CPU.ActiveCfg = Release|Any CPU
		{051A93BE-69B2-4443-8E2B-CA3846BF8B33}.Release|Any CPU.Build.0 = Release|Any CPU
		{051A93BE-69B2-4443-8E2B-CA3846BF8B33}.Release|x64.ActiveCfg = Release|Any CPU
		{051A93BE-69B2-4443-8E2B-CA3846BF8B33}.Release|x64.Build.0 = Release|Any CPU
		{051A93BE-69B2-4443-8E2B-CA3846BF8B33}.Release|x86.ActiveCfg = Release|Any CPU
		{051A93BE-69B2-4443-8E2B-CA3846BF8B33}.Release|x86.Build.0 = Release|Any CPU
	EndGlobalSection
	GlobalSection(SolutionProperties) = preSolution
		HideSolutionNode = FALSE
	EndGlobalSection
	GlobalSection(ExtensibilityGlobals) = postSolution
		SolutionGuid = {638DAD5F-3C9E-4AD1-AA8A-AA820E1535CC}
	EndGlobalSection
EndGlobal
