
Microsoft Visual Studio Solution File, Format Version 12.00
# Visual Studio Version 16
VisualStudioVersion = 16.0.28803.156
MinimumVisualStudioVersion = 15.0.26124.0
Project("{9A19103F-16F7-4668-BE54-9A1E7A4F7556}") = "Miunie.ConsoleApp", "Miunie.ConsoleApp\Miunie.ConsoleApp.csproj", "{2D2C1EE8-2476-4F03-B102-95FFD9010DCC}"
EndProject
Project("{9A19103F-16F7-4668-BE54-9A1E7A4F7556}") = "Miunie.Core", "Miunie.Core\Miunie.Core.csproj", "{0E0150E2-6A28-4936-81B2-EB5A7349EFFF}"
EndProject
Project("{9A19103F-16F7-4668-BE54-9A1E7A4F7556}") = "Miunie.Discord", "Miunie.Discord\Miunie.Discord.csproj", "{E3CCF781-6D11-4815-8E4C-B74C750E1DEB}"
EndProject
Project("{9A19103F-16F7-4668-BE54-9A1E7A4F7556}") = "Miunie.Core.XUnit.Tests", "Miunie.Core.XUnit.Tests\Miunie.Core.XUnit.Tests.csproj", "{4B08DB7B-C0DE-4C04-9EB6-2ED404936CFE}"
EndProject
Project("{9A19103F-16F7-4668-BE54-9A1E7A4F7556}") = "Miunie.InversionOfControl", "Miunie.InversionOfControl\Miunie.InversionOfControl.csproj", "{9431EA7A-3676-4229-B8EB-650005C9734A}"
EndProject
Project("{FAE04EC0-301F-11D3-BF4B-00C04F79EFBC}") = "Miunie.WindowsApp", "Miunie.WindowsApp\Miunie.WindowsApp.csproj", "{1850BE21-FA48-4E67-8649-A39BAE6947A1}"
EndProject
Project("{9A19103F-16F7-4668-BE54-9A1E7A4F7556}") = "Miunie.Avalonia", "Miunie.Avalonia\Miunie.Avalonia.csproj", "{FEC99E1A-1CB3-4FEE-886E-12D7AA132564}"
EndProject
Project("{FAE04EC0-301F-11D3-BF4B-00C04F79EFBC}") = "Miunie.Infrastructure", "Miunie.Infrastructure\Miunie.Infrastructure.csproj", "{F116C0FA-E325-45C4-9071-3080559A8822}"
EndProject
Global
	GlobalSection(SolutionConfigurationPlatforms) = preSolution
		Debug|Any CPU = Debug|Any CPU
		Debug|ARM = Debug|ARM
		Debug|ARM64 = Debug|ARM64
		Debug|x64 = Debug|x64
		Debug|x86 = Debug|x86
		Release|Any CPU = Release|Any CPU
		Release|ARM = Release|ARM
		Release|ARM64 = Release|ARM64
		Release|x64 = Release|x64
		Release|x86 = Release|x86
	EndGlobalSection
	GlobalSection(ProjectConfigurationPlatforms) = postSolution
		{2D2C1EE8-2476-4F03-B102-95FFD9010DCC}.Debug|Any CPU.ActiveCfg = Debug|Any CPU
		{2D2C1EE8-2476-4F03-B102-95FFD9010DCC}.Debug|Any CPU.Build.0 = Debug|Any CPU
		{2D2C1EE8-2476-4F03-B102-95FFD9010DCC}.Debug|ARM.ActiveCfg = Debug|Any CPU
		{2D2C1EE8-2476-4F03-B102-95FFD9010DCC}.Debug|ARM.Build.0 = Debug|Any CPU
		{2D2C1EE8-2476-4F03-B102-95FFD9010DCC}.Debug|ARM64.ActiveCfg = Debug|Any CPU
		{2D2C1EE8-2476-4F03-B102-95FFD9010DCC}.Debug|ARM64.Build.0 = Debug|Any CPU
		{2D2C1EE8-2476-4F03-B102-95FFD9010DCC}.Debug|x64.ActiveCfg = Debug|Any CPU
		{2D2C1EE8-2476-4F03-B102-95FFD9010DCC}.Debug|x64.Build.0 = Debug|Any CPU
		{2D2C1EE8-2476-4F03-B102-95FFD9010DCC}.Debug|x86.ActiveCfg = Debug|Any CPU
		{2D2C1EE8-2476-4F03-B102-95FFD9010DCC}.Debug|x86.Build.0 = Debug|Any CPU
		{2D2C1EE8-2476-4F03-B102-95FFD9010DCC}.Release|Any CPU.ActiveCfg = Release|Any CPU
		{2D2C1EE8-2476-4F03-B102-95FFD9010DCC}.Release|Any CPU.Build.0 = Release|Any CPU
		{2D2C1EE8-2476-4F03-B102-95FFD9010DCC}.Release|ARM.ActiveCfg = Release|Any CPU
		{2D2C1EE8-2476-4F03-B102-95FFD9010DCC}.Release|ARM.Build.0 = Release|Any CPU
		{2D2C1EE8-2476-4F03-B102-95FFD9010DCC}.Release|ARM64.ActiveCfg = Release|Any CPU
		{2D2C1EE8-2476-4F03-B102-95FFD9010DCC}.Release|ARM64.Build.0 = Release|Any CPU
		{2D2C1EE8-2476-4F03-B102-95FFD9010DCC}.Release|x64.ActiveCfg = Release|Any CPU
		{2D2C1EE8-2476-4F03-B102-95FFD9010DCC}.Release|x64.Build.0 = Release|Any CPU
		{2D2C1EE8-2476-4F03-B102-95FFD9010DCC}.Release|x86.ActiveCfg = Release|Any CPU
		{2D2C1EE8-2476-4F03-B102-95FFD9010DCC}.Release|x86.Build.0 = Release|Any CPU
		{0E0150E2-6A28-4936-81B2-EB5A7349EFFF}.Debug|Any CPU.ActiveCfg = Debug|Any CPU
		{0E0150E2-6A28-4936-81B2-EB5A7349EFFF}.Debug|Any CPU.Build.0 = Debug|Any CPU
		{0E0150E2-6A28-4936-81B2-EB5A7349EFFF}.Debug|ARM.ActiveCfg = Debug|Any CPU
		{0E0150E2-6A28-4936-81B2-EB5A7349EFFF}.Debug|ARM.Build.0 = Debug|Any CPU
		{0E0150E2-6A28-4936-81B2-EB5A7349EFFF}.Debug|ARM64.ActiveCfg = Debug|Any CPU
		{0E0150E2-6A28-4936-81B2-EB5A7349EFFF}.Debug|ARM64.Build.0 = Debug|Any CPU
		{0E0150E2-6A28-4936-81B2-EB5A7349EFFF}.Debug|x64.ActiveCfg = Debug|Any CPU
		{0E0150E2-6A28-4936-81B2-EB5A7349EFFF}.Debug|x64.Build.0 = Debug|Any CPU
		{0E0150E2-6A28-4936-81B2-EB5A7349EFFF}.Debug|x86.ActiveCfg = Debug|Any CPU
		{0E0150E2-6A28-4936-81B2-EB5A7349EFFF}.Debug|x86.Build.0 = Debug|Any CPU
		{0E0150E2-6A28-4936-81B2-EB5A7349EFFF}.Release|Any CPU.ActiveCfg = Release|Any CPU
		{0E0150E2-6A28-4936-81B2-EB5A7349EFFF}.Release|Any CPU.Build.0 = Release|Any CPU
		{0E0150E2-6A28-4936-81B2-EB5A7349EFFF}.Release|ARM.ActiveCfg = Release|Any CPU
		{0E0150E2-6A28-4936-81B2-EB5A7349EFFF}.Release|ARM.Build.0 = Release|Any CPU
		{0E0150E2-6A28-4936-81B2-EB5A7349EFFF}.Release|ARM64.ActiveCfg = Release|Any CPU
		{0E0150E2-6A28-4936-81B2-EB5A7349EFFF}.Release|ARM64.Build.0 = Release|Any CPU
		{0E0150E2-6A28-4936-81B2-EB5A7349EFFF}.Release|x64.ActiveCfg = Release|Any CPU
		{0E0150E2-6A28-4936-81B2-EB5A7349EFFF}.Release|x64.Build.0 = Release|Any CPU
		{0E0150E2-6A28-4936-81B2-EB5A7349EFFF}.Release|x86.ActiveCfg = Release|Any CPU
		{0E0150E2-6A28-4936-81B2-EB5A7349EFFF}.Release|x86.Build.0 = Release|Any CPU
		{E3CCF781-6D11-4815-8E4C-B74C750E1DEB}.Debug|Any CPU.ActiveCfg = Debug|Any CPU
		{E3CCF781-6D11-4815-8E4C-B74C750E1DEB}.Debug|Any CPU.Build.0 = Debug|Any CPU
		{E3CCF781-6D11-4815-8E4C-B74C750E1DEB}.Debug|ARM.ActiveCfg = Debug|Any CPU
		{E3CCF781-6D11-4815-8E4C-B74C750E1DEB}.Debug|ARM.Build.0 = Debug|Any CPU
		{E3CCF781-6D11-4815-8E4C-B74C750E1DEB}.Debug|ARM64.ActiveCfg = Debug|Any CPU
		{E3CCF781-6D11-4815-8E4C-B74C750E1DEB}.Debug|ARM64.Build.0 = Debug|Any CPU
		{E3CCF781-6D11-4815-8E4C-B74C750E1DEB}.Debug|x64.ActiveCfg = Debug|Any CPU
		{E3CCF781-6D11-4815-8E4C-B74C750E1DEB}.Debug|x64.Build.0 = Debug|Any CPU
		{E3CCF781-6D11-4815-8E4C-B74C750E1DEB}.Debug|x86.ActiveCfg = Debug|Any CPU
		{E3CCF781-6D11-4815-8E4C-B74C750E1DEB}.Debug|x86.Build.0 = Debug|Any CPU
		{E3CCF781-6D11-4815-8E4C-B74C750E1DEB}.Release|Any CPU.ActiveCfg = Release|Any CPU
		{E3CCF781-6D11-4815-8E4C-B74C750E1DEB}.Release|Any CPU.Build.0 = Release|Any CPU
		{E3CCF781-6D11-4815-8E4C-B74C750E1DEB}.Release|ARM.ActiveCfg = Release|Any CPU
		{E3CCF781-6D11-4815-8E4C-B74C750E1DEB}.Release|ARM.Build.0 = Release|Any CPU
		{E3CCF781-6D11-4815-8E4C-B74C750E1DEB}.Release|ARM64.ActiveCfg = Release|Any CPU
		{E3CCF781-6D11-4815-8E4C-B74C750E1DEB}.Release|ARM64.Build.0 = Release|Any CPU
		{E3CCF781-6D11-4815-8E4C-B74C750E1DEB}.Release|x64.ActiveCfg = Release|Any CPU
		{E3CCF781-6D11-4815-8E4C-B74C750E1DEB}.Release|x64.Build.0 = Release|Any CPU
		{E3CCF781-6D11-4815-8E4C-B74C750E1DEB}.Release|x86.ActiveCfg = Release|Any CPU
		{E3CCF781-6D11-4815-8E4C-B74C750E1DEB}.Release|x86.Build.0 = Release|Any CPU
		{4B08DB7B-C0DE-4C04-9EB6-2ED404936CFE}.Debug|Any CPU.ActiveCfg = Debug|Any CPU
		{4B08DB7B-C0DE-4C04-9EB6-2ED404936CFE}.Debug|Any CPU.Build.0 = Debug|Any CPU
		{4B08DB7B-C0DE-4C04-9EB6-2ED404936CFE}.Debug|ARM.ActiveCfg = Debug|Any CPU
		{4B08DB7B-C0DE-4C04-9EB6-2ED404936CFE}.Debug|ARM.Build.0 = Debug|Any CPU
		{4B08DB7B-C0DE-4C04-9EB6-2ED404936CFE}.Debug|ARM64.ActiveCfg = Debug|Any CPU
		{4B08DB7B-C0DE-4C04-9EB6-2ED404936CFE}.Debug|ARM64.Build.0 = Debug|Any CPU
		{4B08DB7B-C0DE-4C04-9EB6-2ED404936CFE}.Debug|x64.ActiveCfg = Debug|Any CPU
		{4B08DB7B-C0DE-4C04-9EB6-2ED404936CFE}.Debug|x64.Build.0 = Debug|Any CPU
		{4B08DB7B-C0DE-4C04-9EB6-2ED404936CFE}.Debug|x86.ActiveCfg = Debug|Any CPU
		{4B08DB7B-C0DE-4C04-9EB6-2ED404936CFE}.Debug|x86.Build.0 = Debug|Any CPU
		{4B08DB7B-C0DE-4C04-9EB6-2ED404936CFE}.Release|Any CPU.ActiveCfg = Release|Any CPU
		{4B08DB7B-C0DE-4C04-9EB6-2ED404936CFE}.Release|Any CPU.Build.0 = Release|Any CPU
		{4B08DB7B-C0DE-4C04-9EB6-2ED404936CFE}.Release|ARM.ActiveCfg = Release|Any CPU
		{4B08DB7B-C0DE-4C04-9EB6-2ED404936CFE}.Release|ARM.Build.0 = Release|Any CPU
		{4B08DB7B-C0DE-4C04-9EB6-2ED404936CFE}.Release|ARM64.ActiveCfg = Release|Any CPU
		{4B08DB7B-C0DE-4C04-9EB6-2ED404936CFE}.Release|ARM64.Build.0 = Release|Any CPU
		{4B08DB7B-C0DE-4C04-9EB6-2ED404936CFE}.Release|x64.ActiveCfg = Release|Any CPU
		{4B08DB7B-C0DE-4C04-9EB6-2ED404936CFE}.Release|x64.Build.0 = Release|Any CPU
		{4B08DB7B-C0DE-4C04-9EB6-2ED404936CFE}.Release|x86.ActiveCfg = Release|Any CPU
		{4B08DB7B-C0DE-4C04-9EB6-2ED404936CFE}.Release|x86.Build.0 = Release|Any CPU
		{9431EA7A-3676-4229-B8EB-650005C9734A}.Debug|Any CPU.ActiveCfg = Debug|Any CPU
		{9431EA7A-3676-4229-B8EB-650005C9734A}.Debug|Any CPU.Build.0 = Debug|Any CPU
		{9431EA7A-3676-4229-B8EB-650005C9734A}.Debug|ARM.ActiveCfg = Debug|Any CPU
		{9431EA7A-3676-4229-B8EB-650005C9734A}.Debug|ARM.Build.0 = Debug|Any CPU
		{9431EA7A-3676-4229-B8EB-650005C9734A}.Debug|ARM64.ActiveCfg = Debug|Any CPU
		{9431EA7A-3676-4229-B8EB-650005C9734A}.Debug|ARM64.Build.0 = Debug|Any CPU
		{9431EA7A-3676-4229-B8EB-650005C9734A}.Debug|x64.ActiveCfg = Debug|Any CPU
		{9431EA7A-3676-4229-B8EB-650005C9734A}.Debug|x64.Build.0 = Debug|Any CPU
		{9431EA7A-3676-4229-B8EB-650005C9734A}.Debug|x86.ActiveCfg = Debug|Any CPU
		{9431EA7A-3676-4229-B8EB-650005C9734A}.Debug|x86.Build.0 = Debug|Any CPU
		{9431EA7A-3676-4229-B8EB-650005C9734A}.Release|Any CPU.ActiveCfg = Release|Any CPU
		{9431EA7A-3676-4229-B8EB-650005C9734A}.Release|Any CPU.Build.0 = Release|Any CPU
		{9431EA7A-3676-4229-B8EB-650005C9734A}.Release|ARM.ActiveCfg = Release|Any CPU
		{9431EA7A-3676-4229-B8EB-650005C9734A}.Release|ARM.Build.0 = Release|Any CPU
		{9431EA7A-3676-4229-B8EB-650005C9734A}.Release|ARM64.ActiveCfg = Release|Any CPU
		{9431EA7A-3676-4229-B8EB-650005C9734A}.Release|ARM64.Build.0 = Release|Any CPU
		{9431EA7A-3676-4229-B8EB-650005C9734A}.Release|x64.ActiveCfg = Release|Any CPU
		{9431EA7A-3676-4229-B8EB-650005C9734A}.Release|x64.Build.0 = Release|Any CPU
		{9431EA7A-3676-4229-B8EB-650005C9734A}.Release|x86.ActiveCfg = Release|Any CPU
		{9431EA7A-3676-4229-B8EB-650005C9734A}.Release|x86.Build.0 = Release|Any CPU
		{1850BE21-FA48-4E67-8649-A39BAE6947A1}.Debug|Any CPU.ActiveCfg = Debug|x86
		{1850BE21-FA48-4E67-8649-A39BAE6947A1}.Debug|Any CPU.Build.0 = Debug|x86
		{1850BE21-FA48-4E67-8649-A39BAE6947A1}.Debug|Any CPU.Deploy.0 = Debug|x86
		{1850BE21-FA48-4E67-8649-A39BAE6947A1}.Debug|ARM.ActiveCfg = Debug|ARM
		{1850BE21-FA48-4E67-8649-A39BAE6947A1}.Debug|ARM.Build.0 = Debug|ARM
		{1850BE21-FA48-4E67-8649-A39BAE6947A1}.Debug|ARM.Deploy.0 = Debug|ARM
		{1850BE21-FA48-4E67-8649-A39BAE6947A1}.Debug|ARM64.ActiveCfg = Debug|ARM64
		{1850BE21-FA48-4E67-8649-A39BAE6947A1}.Debug|ARM64.Build.0 = Debug|ARM64
		{1850BE21-FA48-4E67-8649-A39BAE6947A1}.Debug|ARM64.Deploy.0 = Debug|ARM64
		{1850BE21-FA48-4E67-8649-A39BAE6947A1}.Debug|x64.ActiveCfg = Debug|x64
		{1850BE21-FA48-4E67-8649-A39BAE6947A1}.Debug|x64.Build.0 = Debug|x64
		{1850BE21-FA48-4E67-8649-A39BAE6947A1}.Debug|x64.Deploy.0 = Debug|x64
		{1850BE21-FA48-4E67-8649-A39BAE6947A1}.Debug|x86.ActiveCfg = Debug|x86
		{1850BE21-FA48-4E67-8649-A39BAE6947A1}.Debug|x86.Build.0 = Debug|x86
		{1850BE21-FA48-4E67-8649-A39BAE6947A1}.Debug|x86.Deploy.0 = Debug|x86
		{1850BE21-FA48-4E67-8649-A39BAE6947A1}.Release|Any CPU.ActiveCfg = Release|x86
		{1850BE21-FA48-4E67-8649-A39BAE6947A1}.Release|ARM.ActiveCfg = Release|ARM
		{1850BE21-FA48-4E67-8649-A39BAE6947A1}.Release|ARM.Build.0 = Release|ARM
		{1850BE21-FA48-4E67-8649-A39BAE6947A1}.Release|ARM.Deploy.0 = Release|ARM
		{1850BE21-FA48-4E67-8649-A39BAE6947A1}.Release|ARM64.ActiveCfg = Release|ARM64
		{1850BE21-FA48-4E67-8649-A39BAE6947A1}.Release|ARM64.Build.0 = Release|ARM64
		{1850BE21-FA48-4E67-8649-A39BAE6947A1}.Release|ARM64.Deploy.0 = Release|ARM64
		{1850BE21-FA48-4E67-8649-A39BAE6947A1}.Release|x64.ActiveCfg = Release|x64
		{1850BE21-FA48-4E67-8649-A39BAE6947A1}.Release|x64.Build.0 = Release|x64
		{1850BE21-FA48-4E67-8649-A39BAE6947A1}.Release|x64.Deploy.0 = Release|x64
		{1850BE21-FA48-4E67-8649-A39BAE6947A1}.Release|x86.ActiveCfg = Release|x86
		{1850BE21-FA48-4E67-8649-A39BAE6947A1}.Release|x86.Build.0 = Release|x86
		{1850BE21-FA48-4E67-8649-A39BAE6947A1}.Release|x86.Deploy.0 = Release|x86
		{FEC99E1A-1CB3-4FEE-886E-12D7AA132564}.Debug|Any CPU.ActiveCfg = Debug|Any CPU
		{FEC99E1A-1CB3-4FEE-886E-12D7AA132564}.Debug|Any CPU.Build.0 = Debug|Any CPU
		{FEC99E1A-1CB3-4FEE-886E-12D7AA132564}.Debug|ARM.ActiveCfg = Debug|Any CPU
		{FEC99E1A-1CB3-4FEE-886E-12D7AA132564}.Debug|ARM.Build.0 = Debug|Any CPU
		{FEC99E1A-1CB3-4FEE-886E-12D7AA132564}.Debug|ARM64.ActiveCfg = Debug|Any CPU
		{FEC99E1A-1CB3-4FEE-886E-12D7AA132564}.Debug|ARM64.Build.0 = Debug|Any CPU
		{FEC99E1A-1CB3-4FEE-886E-12D7AA132564}.Debug|x64.ActiveCfg = Debug|Any CPU
		{FEC99E1A-1CB3-4FEE-886E-12D7AA132564}.Debug|x64.Build.0 = Debug|Any CPU
		{FEC99E1A-1CB3-4FEE-886E-12D7AA132564}.Debug|x86.ActiveCfg = Debug|Any CPU
		{FEC99E1A-1CB3-4FEE-886E-12D7AA132564}.Debug|x86.Build.0 = Debug|Any CPU
		{FEC99E1A-1CB3-4FEE-886E-12D7AA132564}.Release|Any CPU.ActiveCfg = Release|Any CPU
		{FEC99E1A-1CB3-4FEE-886E-12D7AA132564}.Release|Any CPU.Build.0 = Release|Any CPU
		{FEC99E1A-1CB3-4FEE-886E-12D7AA132564}.Release|ARM.ActiveCfg = Release|Any CPU
		{FEC99E1A-1CB3-4FEE-886E-12D7AA132564}.Release|ARM.Build.0 = Release|Any CPU
		{FEC99E1A-1CB3-4FEE-886E-12D7AA132564}.Release|ARM64.ActiveCfg = Release|Any CPU
		{FEC99E1A-1CB3-4FEE-886E-12D7AA132564}.Release|ARM64.Build.0 = Release|Any CPU
		{FEC99E1A-1CB3-4FEE-886E-12D7AA132564}.Release|x64.ActiveCfg = Release|Any CPU
		{FEC99E1A-1CB3-4FEE-886E-12D7AA132564}.Release|x64.Build.0 = Release|Any CPU
		{FEC99E1A-1CB3-4FEE-886E-12D7AA132564}.Release|x86.ActiveCfg = Release|Any CPU
		{FEC99E1A-1CB3-4FEE-886E-12D7AA132564}.Release|x86.Build.0 = Release|Any CPU
		{F116C0FA-E325-45C4-9071-3080559A8822}.Debug|Any CPU.ActiveCfg = Debug|Any CPU
		{F116C0FA-E325-45C4-9071-3080559A8822}.Debug|Any CPU.Build.0 = Debug|Any CPU
		{F116C0FA-E325-45C4-9071-3080559A8822}.Debug|ARM.ActiveCfg = Debug|Any CPU
		{F116C0FA-E325-45C4-9071-3080559A8822}.Debug|ARM.Build.0 = Debug|Any CPU
		{F116C0FA-E325-45C4-9071-3080559A8822}.Debug|ARM64.ActiveCfg = Debug|Any CPU
		{F116C0FA-E325-45C4-9071-3080559A8822}.Debug|ARM64.Build.0 = Debug|Any CPU
		{F116C0FA-E325-45C4-9071-3080559A8822}.Debug|x64.ActiveCfg = Debug|Any CPU
		{F116C0FA-E325-45C4-9071-3080559A8822}.Debug|x64.Build.0 = Debug|Any CPU
		{F116C0FA-E325-45C4-9071-3080559A8822}.Debug|x86.ActiveCfg = Debug|Any CPU
		{F116C0FA-E325-45C4-9071-3080559A8822}.Debug|x86.Build.0 = Debug|Any CPU
		{F116C0FA-E325-45C4-9071-3080559A8822}.Release|Any CPU.ActiveCfg = Release|Any CPU
		{F116C0FA-E325-45C4-9071-3080559A8822}.Release|Any CPU.Build.0 = Release|Any CPU
		{F116C0FA-E325-45C4-9071-3080559A8822}.Release|ARM.ActiveCfg = Release|Any CPU
		{F116C0FA-E325-45C4-9071-3080559A8822}.Release|ARM.Build.0 = Release|Any CPU
		{F116C0FA-E325-45C4-9071-3080559A8822}.Release|ARM64.ActiveCfg = Release|Any CPU
		{F116C0FA-E325-45C4-9071-3080559A8822}.Release|ARM64.Build.0 = Release|Any CPU
		{F116C0FA-E325-45C4-9071-3080559A8822}.Release|x64.ActiveCfg = Release|Any CPU
		{F116C0FA-E325-45C4-9071-3080559A8822}.Release|x64.Build.0 = Release|Any CPU
		{F116C0FA-E325-45C4-9071-3080559A8822}.Release|x86.ActiveCfg = Release|Any CPU
		{F116C0FA-E325-45C4-9071-3080559A8822}.Release|x86.Build.0 = Release|Any CPU
	EndGlobalSection
	GlobalSection(SolutionProperties) = preSolution
		HideSolutionNode = FALSE
	EndGlobalSection
	GlobalSection(ExtensibilityGlobals) = postSolution
		SolutionGuid = {638DAD5F-3C9E-4AD1-AA8A-AA820E1535CC}
	EndGlobalSection
EndGlobal
